
Microsoft Visual Studio Solution File, Format Version 12.00
# Visual Studio Version 17
VisualStudioVersion = 17.13.36105.23
MinimumVisualStudioVersion = 10.0.40219.1
Project("{FAE04EC0-301F-11D3-BF4B-00C04F79EFBC}") = "ESignerDemoServerApp", "ESignerDemoServerApp\ESignerDemoServerApp.csproj", "{6266E7DA-050E-4322-8520-57305CD3BDAA}"
EndProject
Project("{FAE04EC0-301F-11D3-BF4B-00C04F79EFBC}") = "ESignerDemoWasmApp", "ESignerDemoWasmApp\ESignerDemoWasmApp\ESignerDemoWasmApp.csproj", "{0B4C1F83-F4ED-4E42-BA8E-2CA082ABCFF1}"
EndProject
Project("{FAE04EC0-301F-11D3-BF4B-00C04F79EFBC}") = "ESignerDemoWasmApp.Client", "ESignerDemoWasmApp\ESignerDemoWasmApp.Client\ESignerDemoWasmApp.Client.csproj", "{45EF7005-B45B-4ED2-8EBB-9B70B7F6BA0D}"
EndProject
Global
	GlobalSection(SolutionConfigurationPlatforms) = preSolution
		Debug|Any CPU = Debug|Any CPU
		Release|Any CPU = Release|Any CPU
	EndGlobalSection
	GlobalSection(ProjectConfigurationPlatforms) = postSolution
		{6266E7DA-050E-4322-8520-57305CD3BDAA}.Debug|Any CPU.ActiveCfg = Debug|Any CPU
		{6266E7DA-050E-4322-8520-57305CD3BDAA}.Debug|Any CPU.Build.0 = Debug|Any CPU
		{6266E7DA-050E-4322-8520-57305CD3BDAA}.Release|Any CPU.ActiveCfg = Release|Any CPU
		{6266E7DA-050E-4322-8520-57305CD3BDAA}.Release|Any CPU.Build.0 = Release|Any CPU
		{0B4C1F83-F4ED-4E42-BA8E-2CA082ABCFF1}.Debug|Any CPU.ActiveCfg = Debug|Any CPU
		{0B4C1F83-F4ED-4E42-BA8E-2CA082ABCFF1}.Debug|Any CPU.Build.0 = Debug|Any CPU
		{0B4C1F83-F4ED-4E42-BA8E-2CA082ABCFF1}.Release|Any CPU.ActiveCfg = Release|Any CPU
		{0B4C1F83-F4ED-4E42-BA8E-2CA082ABCFF1}.Release|Any CPU.Build.0 = Release|Any CPU
		{45EF7005-B45B-4ED2-8EBB-9B70B7F6BA0D}.Debug|Any CPU.ActiveCfg = Debug|Any CPU
		{45EF7005-B45B-4ED2-8EBB-9B70B7F6BA0D}.Debug|Any CPU.Build.0 = Debug|Any CPU
		{45EF7005-B45B-4ED2-8EBB-9B70B7F6BA0D}.Release|Any CPU.ActiveCfg = Release|Any CPU
		{45EF7005-B45B-4ED2-8EBB-9B70B7F6BA0D}.Release|Any CPU.Build.0 = Release|Any CPU
	EndGlobalSection
	GlobalSection(SolutionProperties) = preSolution
		HideSolutionNode = FALSE
	EndGlobalSection
	GlobalSection(ExtensibilityGlobals) = postSolution
		SolutionGuid = {5920E16C-9330-4664-911E-6938CC3484C2}
	EndGlobalSection
EndGlobal
